PODS:
  - ButterflyHostSDK (0.8.0):
    - Reachability
  - Reachability (3.2)

DEPENDENCIES:
  - ButterflyHostSDK (from `../`)

SPEC REPOS:
  trunk:
    - Reachability

EXTERNAL SOURCES:
  ButterflyHostSDK:
    :path: "../"

SPEC CHECKSUMS:
  ButterflyHostSDK: 12144d4053c1fa1843747ca20a77a5e2a5a8b59c
  Reachability: 33e18b67625424e47b6cde6d202dce689ad7af96

PODFILE CHECKSUM: 592f51cf74a3a9af96bb864d22cda0b70f48b66c

COCOAPODS: 1.10.1
